
Microsoft Visual Studio Solution File, Format Version 12.00
# Visual Studio Version 17
VisualStudioVersion = 17.11.35327.3
MinimumVisualStudioVersion = 10.0.40219.1
Project("{8BC9CEB8-8B4A-11D0-8D11-00A0C91BC942}") = "OpenGL", "OpenGL\OpenGL.vcxproj", "{DA5132FF-67E5-4E08-A769-0F02E93D10BD}"
EndProject
Global
	GlobalSection(SolutionConfigurationPlatforms) = preSolution
		Debug|x64 = Debug|x64
		Debug|x86 = Debug|x86
		Release|x64 = Release|x64
		Release|x86 = Release|x86
	EndGlobalSection
	GlobalSection(ProjectConfigurationPlatforms) = postSolution
		{DA5132FF-67E5-4E08-A769-0F02E93D10BD}.Debug|x64.ActiveCfg = Debug|x64
		{DA5132FF-67E5-4E08-A769-0F02E93D10BD}.Debug|x64.Build.0 = Debug|x64
		{DA5132FF-67E5-4E08-A769-0F02E93D10BD}.Debug|x86.ActiveCfg = Debug|Win32
		{DA5132FF-67E5-4E08-A769-0F02E93D10BD}.Debug|x86.Build.0 = Debug|Win32
		{DA5132FF-67E5-4E08-A769-0F02E93D10BD}.Release|x64.ActiveCfg = Release|x64
		{DA5132FF-67E5-4E08-A769-0F02E93D10BD}.Release|x64.Build.0 = Release|x64
		{DA5132FF-67E5-4E08-A769-0F02E93D10BD}.Release|x86.ActiveCfg = Release|Win32
		{DA5132FF-67E5-4E08-A769-0F02E93D10BD}.Release|x86.Build.0 = Release|Win32
	EndGlobalSection
	GlobalSection(SolutionProperties) = preSolution
		HideSolutionNode = FALSE
	EndGlobalSection
	GlobalSection(ExtensibilityGlobals) = postSolution
		SolutionGuid = {37C7AF3C-D3E7-4669-A20E-1C0B4F4093C5}
	EndGlobalSection
EndGlobal
