<?xml version="1.0" encoding="utf-8"?>
<Project ToolsVersion="4.0" xmlns="http://schemas.microsoft.com/developer/msbuild/2003">
  <ItemGroup>
    <Filter Include="소스 파일">
      <UniqueIdentifier>{4FC737F1-C7A5-4376-A066-2A32D752A2FF}</UniqueIdentifier>
      <Extensions>cpp;c;cc;cxx;c++;cppm;ixx;def;odl;idl;hpj;bat;asm;asmx</Extensions>
    </Filter>
    <Filter Include="리소스 파일">
      <UniqueIdentifier>{67DA6AB6-F800-4c08-8B7A-83BB121AAD01}</UniqueIdentifier>
      <Extensions>rc;ico;cur;bmp;dlg;rc2;rct;bin;rgs;gif;jpg;jpeg;jpe;resx;tiff;tif;png;wav;mfcribbon-ms</Extensions>
    </Filter>
    <Filter Include="소스 파일\01.Core">
      <UniqueIdentifier>{f9851415-0384-498a-a4b1-5bbadf423dff}</UniqueIdentifier>
    </Filter>
    <Filter Include="소스 파일\00.Main">
      <UniqueIdentifier>{396103a7-eaef-4625-9f2b-eb15785595a7}</UniqueIdentifier>
    </Filter>
    <Filter Include="소스 파일\02.Polygon">
      <UniqueIdentifier>{2bfe79ef-1305-47a8-bd21-c6d44a0c2251}</UniqueIdentifier>
    </Filter>
    <Filter Include="소스 파일\03.Shader">
      <UniqueIdentifier>{ee5fd81a-f465-48c9-abee-adc229a2d1d6}</UniqueIdentifier>
    </Filter>
    <Filter Include="소스 파일\04.Texture">
      <UniqueIdentifier>{27591bf8-2306-4691-96da-447182a9c69a}</UniqueIdentifier>
    </Filter>
    <Filter Include="소스 파일\99.Common">
      <UniqueIdentifier>{7c0e6dbd-e2eb-4376-ae02-67a8af2b1655}</UniqueIdentifier>
    </Filter>
    <Filter Include="소스 파일\02.Polygon\00.Polygon">
      <UniqueIdentifier>{0ac7f919-4a94-42a3-ad47-eace96bec3f7}</UniqueIdentifier>
    </Filter>
    <Filter Include="소스 파일\02.Polygon\01.Triangle">
      <UniqueIdentifier>{fe4cf9cc-7c80-4797-994b-0d7a7e52fb07}</UniqueIdentifier>
    </Filter>
    <Filter Include="소스 파일\02.Polygon\02.Circle">
      <UniqueIdentifier>{9b3cb3ab-ae94-4fcc-aef7-19f018688a60}</UniqueIdentifier>
    </Filter>
    <Filter Include="소스 파일\02.Polygon\03.Cube">
      <UniqueIdentifier>{cab0132c-a360-496e-a12d-a9865745e04d}</UniqueIdentifier>
    </Filter>
    <Filter Include="소스 파일\05.Input">
      <UniqueIdentifier>{1ad4da70-cd9b-43e1-b29e-b81a4f4c4169}</UniqueIdentifier>
    </Filter>
    <Filter Include="소스 파일\07.Object">
      <UniqueIdentifier>{504e1ac5-1ad4-49b7-b4c3-ad1948c8926f}</UniqueIdentifier>
    </Filter>
    <Filter Include="소스 파일\06.Model">
      <UniqueIdentifier>{02842e15-0b7d-4ac5-8b62-f355ae72e37b}</UniqueIdentifier>
    </Filter>
  </ItemGroup>
  <ItemGroup>
    <ClCompile Include="Core.cpp">
      <Filter>소스 파일\01.Core</Filter>
    </ClCompile>
    <ClCompile Include="main.cpp">
      <Filter>소스 파일\00.Main</Filter>
    </ClCompile>
    <ClCompile Include="OpenGL.cpp">
      <Filter>소스 파일\00.Main</Filter>
    </ClCompile>
    <ClCompile Include="ShaderTool.cpp">
      <Filter>소스 파일\03.Shader</Filter>
    </ClCompile>
    <ClCompile Include="Polygon.cpp">
      <Filter>소스 파일\02.Polygon\00.Polygon</Filter>
    </ClCompile>
    <ClCompile Include="Triangle.cpp">
      <Filter>소스 파일\02.Polygon\01.Triangle</Filter>
    </ClCompile>
    <ClCompile Include="Circle.cpp">
      <Filter>소스 파일\02.Polygon\02.Circle</Filter>
    </ClCompile>
    <ClCompile Include="Cube.cpp">
      <Filter>소스 파일\02.Polygon\03.Cube</Filter>
    </ClCompile>
    <ClCompile Include="TextureTool.cpp">
      <Filter>소스 파일\04.Texture</Filter>
    </ClCompile>
    <ClCompile Include="TextureCube.cpp">
      <Filter>소스 파일\02.Polygon\03.Cube</Filter>
    </ClCompile>
    <ClCompile Include="Input.cpp">
      <Filter>소스 파일\05.Input</Filter>
    </ClCompile>
    <ClCompile Include="Model.cpp">
      <Filter>소스 파일\06.Model</Filter>
    </ClCompile>
    <ClCompile Include="ObjectTool.cpp">
      <Filter>소스 파일\07.Object</Filter>
    </ClCompile>
  </ItemGroup>
  <ItemGroup>
    <None Include="shader.vert">
      <Filter>리소스 파일</Filter>
    </None>
    <None Include="shader.frag">
      <Filter>리소스 파일</Filter>
    </None>
    <None Include="textureshader.frag">
      <Filter>리소스 파일</Filter>
    </None>
    <None Include="textureshader.vert">
      <Filter>리소스 파일</Filter>
    </None>
    <None Include="suzanneshader.vert">
      <Filter>리소스 파일</Filter>
    </None>
    <None Include="suzanneshader.frag">
      <Filter>리소스 파일</Filter>
    </None>
  </ItemGroup>
  <ItemGroup>
    <ClInclude Include="Core.h">
      <Filter>소스 파일\01.Core</Filter>
    </ClInclude>
    <ClInclude Include="stdafx.h">
      <Filter>소스 파일\99.Common</Filter>
    </ClInclude>
    <ClInclude Include="ShaderTool.h">
      <Filter>소스 파일\03.Shader</Filter>
    </ClInclude>
    <ClInclude Include="Polygon.h">
      <Filter>소스 파일\02.Polygon\00.Polygon</Filter>
    </ClInclude>
    <ClInclude Include="Triangle.h">
      <Filter>소스 파일\02.Polygon\01.Triangle</Filter>
    </ClInclude>
    <ClInclude Include="Circle.h">
      <Filter>소스 파일\02.Polygon\02.Circle</Filter>
    </ClInclude>
    <ClInclude Include="Cube.h">
      <Filter>소스 파일\02.Polygon\03.Cube</Filter>
    </ClInclude>
    <ClInclude Include="TextureTool.h">
      <Filter>소스 파일\04.Texture</Filter>
    </ClInclude>
    <ClInclude Include="TextureCube.h">
      <Filter>소스 파일\02.Polygon\03.Cube</Filter>
    </ClInclude>
    <ClInclude Include="Input.h">
      <Filter>소스 파일\05.Input</Filter>
    </ClInclude>
    <ClInclude Include="Model.h">
      <Filter>소스 파일\06.Model</Filter>
    </ClInclude>
    <ClInclude Include="ObjectTool.h">
      <Filter>소스 파일\07.Object</Filter>
    </ClInclude>
  </ItemGroup>
</Project>